
Microsoft Visual Studio Solution File, Format Version 12.00
# Visual Studio Version 16
VisualStudioVersion = 16.0.29418.71
MinimumVisualStudioVersion = 10.0.40219.1
Project("{FAE04EC0-301F-11D3-BF4B-00C04F79EFBC}") = "geoHW4", "geoHW4.csproj", "{CEDBEFDE-34D0-4425-809B-B899A0AE2D60}"
EndProject
Global
	GlobalSection(SolutionConfigurationPlatforms) = preSolution
		Debug|Any CPU = Debug|Any CPU
		Release|Any CPU = Release|Any CPU
	EndGlobalSection
	GlobalSection(ProjectConfigurationPlatforms) = postSolution
		{CEDBEFDE-34D0-4425-809B-B899A0AE2D60}.Debug|Any CPU.ActiveCfg = Debug|Any CPU
		{CEDBEFDE-34D0-4425-809B-B899A0AE2D60}.Debug|Any CPU.Build.0 = Debug|Any CPU
		{CEDBEFDE-34D0-4425-809B-B899A0AE2D60}.Release|Any CPU.ActiveCfg = Release|Any CPU
		{CEDBEFDE-34D0-4425-809B-B899A0AE2D60}.Release|Any CPU.Build.0 = Release|Any CPU
	EndGlobalSection
	GlobalSection(SolutionProperties) = preSolution
		HideSolutionNode = FALSE
	EndGlobalSection
	GlobalSection(ExtensibilityGlobals) = postSolution
		SolutionGuid = {79AE44EA-8DBE-4E54-BB0A-1C600EC7E44B}
	EndGlobalSection
EndGlobal
